# This file is generated by running "yarn install" inside your project.
# Manual changes might be lost - proceed with caution!

__metadata:
  version: 4
  cacheKey: 7

"a-second-workspace@workspace:packages/a-second-workspace":
  version: 0.0.0-use.local
  resolution: "a-second-workspace@workspace:packages/a-second-workspace"
  dependencies:
    express: 4.12.4
  languageName: unknown
  linkType: soft

"accepts@npm:~1.2.7":
  version: 1.2.13
  resolution: "accepts@npm:1.2.13"
  dependencies:
    mime-types: ~2.1.6
    negotiator: 0.5.3
  checksum: 54d77dd2f013479a45f43bdac203fbf605feaafd3484587ca69687d86838c07e1fe761548d6effce2fd3a3246f854f4d9031acf573d25abcef80f8491ab71036
  languageName: node
  linkType: hard

"content-disposition@npm:0.5.0":
  version: 0.5.0
  resolution: "content-disposition@npm:0.5.0"
  checksum: b235e7ca5e15da4c3559323ec64f8d5901287f376769ee78eaa6cbbfbda54afcf413941e72245801135d1d745c3e59f56c443ba80acaef8ff8d26b528c7b4374
  languageName: node
  linkType: hard

"content-type@npm:~1.0.1":
  version: 1.0.4
  resolution: "content-type@npm:1.0.4"
  checksum: ff6e19cbf281c23d5608723a6dc60ac97e2280bd4d21602511283112321e6c1555895e395555e367672b54a0f1585276284b7c3c8be313aca73902ac2f2609fd
  languageName: node
  linkType: hard

"cookie-signature@npm:1.0.6":
  version: 1.0.6
  resolution: "cookie-signature@npm:1.0.6"
  checksum: 305054e102eebd0a483c63aefdc3abf54a9471bed5eb12be56c0dcf35a94110b8a13139b27751ab07a5ef09e9f4190ee67f71e9d3acf1748e6e2f1aed338c987
  languageName: node
  linkType: hard

"cookie@npm:0.1.2":
  version: 0.1.2
  resolution: "cookie@npm:0.1.2"
  checksum: b6e4a70aa1bed88e7b805ca4d1701347fb1ec08fe27ee65ecf2a4b7df1e4fb5beae3466a16b8e47814bf62a1e04402fc6942cce40fae6b2920a61740aeecc258
  languageName: node
  linkType: hard

"crc@npm:3.2.1":
  version: 3.2.1
  resolution: "crc@npm:3.2.1"
  checksum: dbc0cae5db0695355dfc6f951fc98ab24b780092106df481c6f16346a38e545b48fe4e792e8717b7f95065a29cb01c9f34dae8b41b01370a49d45549c523180f
  languageName: node
  linkType: hard

"debug@npm:1.0.0":
  version: 1.0.0
  resolution: "debug@npm:1.0.0"
  dependencies:
    ms: 0.6.2
  checksum: b7e8b6c4eac93e48f379bb7b8ec00f9b8804abbfcc3d33a3c46e60bbcd279341235dc89871ed310006eded8d5d2b63bd58f912883bda2a4e6b5c94a77f4d4a0d
  languageName: node
  linkType: hard

"debug@npm:~2.2.0":
  version: 2.2.0
  resolution: "debug@npm:2.2.0"
  dependencies:
    ms: 0.7.1
  checksum: ef223346f078a7fcb88b9d6ff69a35a0929541b695f07395b110a5ba766c0f98d621f525785630f5f28ffe3f313ea28941827207e5261a2698a3ec5a3a7bf035
  languageName: node
  linkType: hard

"depd@npm:~1.0.1":
  version: 1.0.1
  resolution: "depd@npm:1.0.1"
  checksum: de68884c3ed486659c3515cca8b97f9e40b97f899f5f7c054e6f5ff78549800266be1367fd475a0cc9248b3161dc55572c1a559632ad8f0d0849cfe890c33a40
  languageName: node
  linkType: hard

"destroy@npm:1.0.3":
  version: 1.0.3
  resolution: "destroy@npm:1.0.3"
  checksum: 7c35f11ce5b8779a9c8ea5bc3551f3f5b5b3d82d12e9ce0bd9534569395bfa1ad46ddc352c17cf6d02b31ade5f418ce51d39239b92727835b014c04595a5fd8f
  languageName: node
  linkType: hard

"ee-first@npm:1.1.0":
  version: 1.1.0
  resolution: "ee-first@npm:1.1.0"
  checksum: 276b5bc5de68fc7229b2a8eb5937a09ecf705ba3730a99a73fce0201398f750d989934281a6a8e0310612ce5a04d902b1de5ba7f25312e8bb7f6d04a69108442
  languageName: node
  linkType: hard

"escape-html@npm:1.0.1":
  version: 1.0.1
  resolution: "escape-html@npm:1.0.1"
  checksum: a08afffdb017934265d2f7c00af433521701d67b68707af2c82196f2568c260f7b48c4ead515aa7bb884e40292eab2f9cb2de73b187c1babe2afedf620f99f54
  languageName: node
  linkType: hard

"etag@npm:~1.6.0":
  version: 1.6.0
  resolution: "etag@npm:1.6.0"
  dependencies:
    crc: 3.2.1
  checksum: 2de0083e63b7fdfb39705c2c3089797be2a76ab4fd27b2829840cadf08daaca388d08d391f274f665e1e1a846acc64a5a5736958912c6dc8aa92de4893de3b8e
  languageName: node
  linkType: hard

"express@npm:4.12.4":
  version: 4.12.4
  resolution: "express@npm:4.12.4"
  dependencies:
    accepts: ~1.2.7
    content-disposition: 0.5.0
    content-type: ~1.0.1
    cookie: 0.1.2
    cookie-signature: 1.0.6
    debug: ~2.2.0
    depd: ~1.0.1
    escape-html: 1.0.1
    etag: ~1.6.0
    finalhandler: 0.3.6
    fresh: 0.2.4
    merge-descriptors: 1.0.0
    methods: ~1.1.1
    on-finished: ~2.2.1
    parseurl: ~1.3.0
    path-to-regexp: 0.1.3
    proxy-addr: ~1.0.8
    qs: 2.4.2
    range-parser: ~1.0.2
    send: 0.12.3
    serve-static: ~1.9.3
    type-is: ~1.6.2
    utils-merge: 1.0.0
    vary: ~1.0.0
  checksum: d8f0fa5e20e86ea79f06075e313cf523832ce97c01b7daf47aad7376781aad5bfdef7c3197a9b310cd96509faa25bc34d6051e2e7e45134d826e84497da08811
  languageName: node
  linkType: hard

"finalhandler@npm:0.3.6":
  version: 0.3.6
  resolution: "finalhandler@npm:0.3.6"
  dependencies:
    debug: ~2.2.0
    escape-html: 1.0.1
    on-finished: ~2.2.1
  checksum: 6a11e5a86464173b6f15223e3dcf60c8a7e7f89de62763e4e1d9159bb6bd10950df7a2c915ee5d30cd81c87d25658bf958695f165097c92be955ae77b738221f
  languageName: node
  linkType: hard

"forwarded@npm:~0.1.0":
  version: 0.1.2
  resolution: "forwarded@npm:0.1.2"
  checksum: 568d862ad1c514813fc62dc1bd58b8669b16d4ee2e634a6fc71f4849df798883ab94e63d8e1b35a17af51b2b39ca869e672c7310efe42fc7b9bad43a80b5ff87
  languageName: node
  linkType: hard

"fresh@npm:0.2.4":
  version: 0.2.4
  resolution: "fresh@npm:0.2.4"
  checksum: 98b381fd7a62df6f8f010aaf5eabb07d20064a7f3fe706a693fbacb7a44e9a309ffc27101f3e6e12ce1b60236989d4de3acb0206c69ceccd1f16242d03f91a4e
  languageName: node
  linkType: hard

"ipaddr.js@npm:1.0.5":
  version: 1.0.5
  resolution: "ipaddr.js@npm:1.0.5"
  checksum: 5b45d12d07aa90148cdb5e9c6039d0b04d8f47e987cc04f021e394689ccc30c5fef19de5f1a6509661c61f2228c11d5c8ce823260162abf8bef54dc309f6b0ce
  languageName: node
  linkType: hard

"media-typer@npm:0.3.0":
  version: 0.3.0
  resolution: "media-typer@npm:0.3.0"
  checksum: be1c825782df7f38eebd451d778f6407bb15a59c8807a69e7f2ad74a25440e474536441c6bf583fdf2803ea23b866e91ff68f565cda297211dd89147758c8df3
  languageName: node
  linkType: hard

"merge-descriptors@npm:1.0.0":
  version: 1.0.0
  resolution: "merge-descriptors@npm:1.0.0"
  checksum: f373614d99e70864e58786e23e83305f97f0c70bd3161cdcfb51a8d8456ffdd949812ba38d2b28aa33daaed2c83bc7ac905dbbb3f01011cfb40d37fdb55d1f73
  languageName: node
  linkType: hard

"methods@npm:~1.1.1":
  version: 1.1.2
  resolution: "methods@npm:1.1.2"
  checksum: 450e4ea0fd4a0f3de8c0593d753c7d6c8f2ee49766f5ef35c68cc2ac41699d5e295b7d6330fc2b7271b8569a07857e3eb0b5df0599a353c5808265b4b5066168
  languageName: node
  linkType: hard

"mime-db@npm:1.47.0":
  version: 1.47.0
  resolution: "mime-db@npm:1.47.0"
  checksum: f5f9220dd53c240c9234323571f632486c663e36676ebfdca9963fb9a92d1dd28b16124bceff60868fb70743764ade8466dd5e6a1a833decde89ae6d15211503
  languageName: node
  linkType: hard

"mime-types@npm:~2.1.24, mime-types@npm:~2.1.6":
  version: 2.1.30
  resolution: "mime-types@npm:2.1.30"
  dependencies:
    mime-db: 1.47.0
  checksum: c7ca8a9980bdae0b760820aded39ea9541a8236f4abc105df645ea5b09a9c4a5299e28667c0c9596ab8e4ca84b219fd8b94b5c68e32b59891ca1f57a7e848c02
  languageName: node
  linkType: hard

"mime@npm:1.3.4":
  version: 1.3.4
  resolution: "mime@npm:1.3.4"
  bin:
    mime: cli.js
  checksum: 03ba3256fdd5f5f307ec36f3372398506ba10aa20412b3b6274d2f1999bc0a8d0fcda2d94a9aee2b39fe679d579a647d3968312700f03f70ba42b68e09865d34
  languageName: node
  linkType: hard

"ms@npm:0.7.0":
  version: 0.7.0
  resolution: "ms@npm:0.7.0"
  checksum: 846fc410d5586f1b0580209f981d32fee129445c6ddbfda652e89463b017e6769bd0f43bcb787c9ffa9ac78b004eb114011b69c1dc595cd89d4502462fc651ed
  languageName: node
  linkType: hard

"ms@npm:0.7.1":
  version: 0.7.1
  resolution: "ms@npm:0.7.1"
  checksum: 8b4ca151fcc52079ee8e7be8d73d3291b22ce74afcf1003e664ea65bc922ef75b8f0588b08fd33475bf408eed3e4d28efe0cb0f98f92890c2a22e352a0d1316b
  languageName: node
  linkType: hard

"negotiator@npm:0.5.3":
  version: 0.5.3
  resolution: "negotiator@npm:0.5.3"
  checksum: a5a9b271a07bab7d42d21b53ab8749d2bf15550482f28a4e994e3b0216c489ad99c0e8af62d831b8a72d09ccc946b4ed59d435697be1ac0ccb85436bf8136ca2
  languageName: node
  linkType: hard

"on-finished@npm:~2.2.1":
  version: 2.2.1
  resolution: "on-finished@npm:2.2.1"
  dependencies:
    ee-first: 1.1.0
  checksum: 64aa941b1ae1020072995b34e6683a075f86daf3d2abd7244a7664277254226b3cbc3de476f3010ca1f2a09688d67cf980f5ebd9cb67237b04f9d1b24260136d
  languageName: node
  linkType: hard

"parseurl@npm:~1.3.0":
  version: 1.3.3
  resolution: "parseurl@npm:1.3.3"
  checksum: 52c9e86cb58e38b28f1a50a6354d16648974ab7a2b91b209f97102840471de8adf524427774af6d5bc482fb7c0a6af6ba08ab37de9a1a7ae389ebe074015914b
  languageName: node
  linkType: hard

"path-to-regexp@npm:0.1.3":
  version: 0.1.3
  resolution: "path-to-regexp@npm:0.1.3"
  checksum: c2f6030d23530ffa0b57b2d9589775bbd07ea8fc2955fac100dba977ef9f4189b67509aca6ac451c323e7a54c169aa2a7b96f28160b98d7f31fbc98d6da699a2
  languageName: node
  linkType: hard

"proxy-addr@npm:~1.0.8":
  version: 1.0.10
  resolution: "proxy-addr@npm:1.0.10"
  dependencies:
    forwarded: ~0.1.0
    ipaddr.js: 1.0.5
  checksum: 17c4622e4a7bb888be3037234899f3af8e4d956738b81045a126ae829137e9f68ee3fbe8367050789f19ebf3085387cbd839258b6ec0715a1c622349b560738b
  languageName: node
  linkType: hard

"qs@npm:2.4.2":
  version: 2.4.2
  resolution: "qs@npm:2.4.2"
  checksum: e4fe83ea5e23b266c5b88f0d05b6145550be77a5ed89929e25b2b7dde4c4d69f9c35087fb7638e88d7c62fbb0e55970d5e7c73cf5c46a5d628cd3bfb426e6df5
  languageName: node
  linkType: hard

"range-parser@npm:~1.0.2":
  version: 1.0.3
  resolution: "range-parser@npm:1.0.3"
  checksum: 1a37c3149846d81bbf50474fb4347084e139e952faede5ffe85158032da7143bc95194d136e1b244b52959928425f6dd7fbf0beb3290d486ee6a416d9c31ea7f
  languageName: node
  linkType: hard

"send@npm:0.12.3":
  version: 0.12.3
  resolution: "send@npm:0.12.3"
  dependencies:
    debug: ~2.2.0
    depd: ~1.0.1
    destroy: 1.0.3
    escape-html: 1.0.1
    etag: ~1.6.0
    fresh: 0.2.4
    mime: 1.3.4
    ms: 0.7.1
    on-finished: ~2.2.1
    range-parser: ~1.0.2
  checksum: 1d709050728583b661adcacf5a90227d6414afafe77e51f820a4c495fa9bca39eab10bbdf8c901a80496e7f93da58b88ce8c50f1e58355d461e3bb010064b30c
  languageName: node
  linkType: hard

"serve-static@npm:~1.9.3":
  version: 1.9.3
  resolution: "serve-static@npm:1.9.3"
  dependencies:
    escape-html: 1.0.1
    parseurl: ~1.3.0
    send: 0.12.3
    utils-merge: 1.0.0
  checksum: eb9c492beb90b5a7083b76dbcb5e9579920e25371e7c78aa76b08fb8d17a9d22ab803f3d953a1a9991261a3f31f25af119ffa93e173d8124961749dbab7f62b1
  languageName: node
  linkType: hard

"some-workspace@workspace:packages/some-workspace":
  version: 0.0.0-use.local
  resolution: "some-workspace@workspace:packages/some-workspace"
  dependencies:
    debug: 1.0.0
  languageName: unknown
  linkType: soft

"type-is@npm:~1.6.2":
  version: 1.6.18
  resolution: "type-is@npm:1.6.18"
  dependencies:
    media-typer: 0.3.0
    mime-types: ~2.1.24
  checksum: 20a3514f1d835c979237995129d1f8c564325301e3a8f1c732bcbe1d7fa0ca1f65994e41a79e9030d79f31e5459bb9be5c377848fcb477cb3049a661b3713d74
  languageName: node
  linkType: hard

"utils-merge@npm:1.0.0":
  version: 1.0.0
  resolution: "utils-merge@npm:1.0.0"
  checksum: e443443d16f90269c12d7ee5da758ce3c44068dc304574a0106067589e8629f6b0d60efa996bbd407b1b285425798f03e62165947acca22883708f0dc87f0f2a
  languageName: node
  linkType: hard

"vary@npm:~1.0.0":
  version: 1.0.1
  resolution: "vary@npm:1.0.1"
  checksum: 8b6fbea2d07e7f6f7e981d333bcf86c5df5b3959b1874771e9af640ecfb50479b7f122529f1a4d7e5d2db4541a5ec645bb97b4455563d7145c8a274de5069282
  languageName: node
  linkType: hard

"workspaces-example@workspace:.":
  version: 0.0.0-use.local
  resolution: "workspaces-example@workspace:."
  languageName: unknown
  linkType: soft
